
Microsoft Visual Studio Solution File, Format Version 12.00
# Visual Studio Version 17
VisualStudioVersion = 17.10.34916.146
MinimumVisualStudioVersion = 10.0.40219.1
Project("{FAE04EC0-301F-11D3-BF4B-00C04F79EFBC}") = "Session", "Session\Session.csproj", "{EAAFB273-18E5-4F67-95D3-E3D581E9D310}"
EndProject
Global
	GlobalSection(SolutionConfigurationPlatforms) = preSolution
		Debug|Any CPU = Debug|Any CPU
		Release|Any CPU = Release|Any CPU
	EndGlobalSection
	GlobalSection(ProjectConfigurationPlatforms) = postSolution
		{EAAFB273-18E5-4F67-95D3-E3D581E9D310}.Debug|Any CPU.ActiveCfg = Debug|Any CPU
		{EAAFB273-18E5-4F67-95D3-E3D581E9D310}.Debug|Any CPU.Build.0 = Debug|Any CPU
		{EAAFB273-18E5-4F67-95D3-E3D581E9D310}.Release|Any CPU.ActiveCfg = Release|Any CPU
		{EAAFB273-18E5-4F67-95D3-E3D581E9D310}.Release|Any CPU.Build.0 = Release|Any CPU
	EndGlobalSection
	GlobalSection(SolutionProperties) = preSolution
		HideSolutionNode = FALSE
	EndGlobalSection
	GlobalSection(ExtensibilityGlobals) = postSolution
		SolutionGuid = {1A00492A-A475-4EFA-83E8-08BF873CDA14}
	EndGlobalSection
EndGlobal
